{
  "name": "pb10_ajx_todo",
  "version": "1.0.0",
  "lockfileVersion": 3,
  "requires": true,
  "packages": {
    "": {
      "name": "pb10_ajx_todo",
      "version": "1.0.0",
      "license": "ISC",
      "dependencies": {
        "pb10_ajx_todo": "file:"
      }
    },
    "node_modules/pb10_ajx_todo": {
      "resolved": "",
      "link": true
    }
  }
}
