{
  "name": "pb14_node_user_data",
  "version": "1.0.0",
  "lockfileVersion": 3,
  "requires": true,
  "packages": {
    "": {
      "name": "pb14_node_user_data",
      "version": "1.0.0",
      "license": "ISC",
      "dependencies": {
        "pb14_node_user_data": "file:"
      }
    },
    "node_modules/pb14_node_user_data": {
      "resolved": "",
      "link": true
    }
  }
}
